
Microsoft Visual Studio Solution File, Format Version 12.00
# Visual Studio Version 16
VisualStudioVersion = 16.0.29613.14
MinimumVisualStudioVersion = 10.0.40219.1
Project("{8BC9CEB8-8B4A-11D0-8D11-00A0C91BC942}") = "NamedPipe_Server", "NamedPipe_Server\NamedPipe_Server.vcxproj", "{0CD75FBC-8DBF-4372-BAAA-5E1CF285142F}"
EndProject
Project("{8BC9CEB8-8B4A-11D0-8D11-00A0C91BC942}") = "NamedPipe_Client", "NamedPipe_Client\NamedPipe_Client.vcxproj", "{5565044E-0FD1-4DA3-BE6E-26B2F42A2B47}"
EndProject
Global
	GlobalSection(SolutionConfigurationPlatforms) = preSolution
		Debug|x64 = Debug|x64
		Debug|x86 = Debug|x86
		Release|x64 = Release|x64
		Release|x86 = Release|x86
	EndGlobalSection
	GlobalSection(ProjectConfigurationPlatforms) = postSolution
		{0CD75FBC-8DBF-4372-BAAA-5E1CF285142F}.Debug|x64.ActiveCfg = Debug|x64
		{0CD75FBC-8DBF-4372-BAAA-5E1CF285142F}.Debug|x64.Build.0 = Debug|x64
		{0CD75FBC-8DBF-4372-BAAA-5E1CF285142F}.Debug|x86.ActiveCfg = Debug|Win32
		{0CD75FBC-8DBF-4372-BAAA-5E1CF285142F}.Debug|x86.Build.0 = Debug|Win32
		{0CD75FBC-8DBF-4372-BAAA-5E1CF285142F}.Release|x64.ActiveCfg = Release|x64
		{0CD75FBC-8DBF-4372-BAAA-5E1CF285142F}.Release|x64.Build.0 = Release|x64
		{0CD75FBC-8DBF-4372-BAAA-5E1CF285142F}.Release|x86.ActiveCfg = Release|Win32
		{0CD75FBC-8DBF-4372-BAAA-5E1CF285142F}.Release|x86.Build.0 = Release|Win32
		{5565044E-0FD1-4DA3-BE6E-26B2F42A2B47}.Debug|x64.ActiveCfg = Debug|x64
		{5565044E-0FD1-4DA3-BE6E-26B2F42A2B47}.Debug|x64.Build.0 = Debug|x64
		{5565044E-0FD1-4DA3-BE6E-26B2F42A2B47}.Debug|x86.ActiveCfg = Debug|Win32
		{5565044E-0FD1-4DA3-BE6E-26B2F42A2B47}.Debug|x86.Build.0 = Debug|Win32
		{5565044E-0FD1-4DA3-BE6E-26B2F42A2B47}.Release|x64.ActiveCfg = Release|x64
		{5565044E-0FD1-4DA3-BE6E-26B2F42A2B47}.Release|x64.Build.0 = Release|x64
		{5565044E-0FD1-4DA3-BE6E-26B2F42A2B47}.Release|x86.ActiveCfg = Release|Win32
		{5565044E-0FD1-4DA3-BE6E-26B2F42A2B47}.Release|x86.Build.0 = Release|Win32
	EndGlobalSection
	GlobalSection(SolutionProperties) = preSolution
		HideSolutionNode = FALSE
	EndGlobalSection
	GlobalSection(ExtensibilityGlobals) = postSolution
		SolutionGuid = {4482EF24-EEBD-4F29-8169-B84A2CBAE238}
	EndGlobalSection
EndGlobal
